
Microsoft Visual Studio Solution File, Format Version 12.00
# Visual Studio Version 17
VisualStudioVersion = 17.9.34622.214
MinimumVisualStudioVersion = 10.0.40219.1
Project("{9A19103F-16F7-4668-BE54-9A1E7A4F7556}") = "ECommerceProject", "ECommerceProject\ECommerceProject.csproj", "{3D04BD01-D138-4B69-8A52-7492BF2857EA}"
EndProject
Global
	GlobalSection(SolutionConfigurationPlatforms) = preSolution
		Debug|Any CPU = Debug|Any CPU
		Release|Any CPU = Release|Any CPU
	EndGlobalSection
	GlobalSection(ProjectConfigurationPlatforms) = postSolution
		{3D04BD01-D138-4B69-8A52-7492BF2857EA}.Debug|Any CPU.ActiveCfg = Debug|Any CPU
		{3D04BD01-D138-4B69-8A52-7492BF2857EA}.Debug|Any CPU.Build.0 = Debug|Any CPU
		{3D04BD01-D138-4B69-8A52-7492BF2857EA}.Release|Any CPU.ActiveCfg = Release|Any CPU
		{3D04BD01-D138-4B69-8A52-7492BF2857EA}.Release|Any CPU.Build.0 = Release|Any CPU
	EndGlobalSection
	GlobalSection(SolutionProperties) = preSolution
		HideSolutionNode = FALSE
	EndGlobalSection
	GlobalSection(ExtensibilityGlobals) = postSolution
		SolutionGuid = {654C9644-6F74-464A-8CC6-C003E117B8D9}
	EndGlobalSection
EndGlobal
